# THIS IS AN AUTOGENERATED FILE. DO NOT EDIT THIS FILE DIRECTLY.
# yarn lockfile v1


"@opam-alpha/conf-m4@*":
  version "4.1.0"
  resolved "https://registry.npmjs.org/@opam-alpha/conf-m4/-/conf-m4-4.1.0.tgz#91500bb3c9c9ca790731671035a5beb0664e0ce8"
  dependencies:
    conf-m4-actual "git://github.com/npm-opam/conf-m4.git#4.1.0"

"@opam-alpha/cppo@*":
  version "1.4.1"
  resolved "https://registry.npmjs.org/@opam-alpha/cppo/-/cppo-1.4.1.tgz#9f06bdedf148e6db8d16ec4043734593d0e8ee65"
  dependencies:
    cppo-actual "git://github.com/npm-opam/cppo.git#1.4.1"

"@opam-alpha/jbuilder@>= 1.0.0":
  version "1.0.2"
  resolved "https://registry.npmjs.org/@opam-alpha/jbuilder/-/jbuilder-1.0.2.tgz#2977d49eb2ddda4229e87fb6bf50fb47ba29d808"
  dependencies:
    jbuilder-actual "git://github.com/npm-opam/jbuilder.git#1.0.02"

"@opam-alpha/menhir@>= 20160303.0.0":
  version "20160825.0.0"
  resolved "https://registry.npmjs.org/@opam-alpha/menhir/-/menhir-20160825.0.0.tgz#45f638756944bdcf97b95416ccb226b0739d0206"
  dependencies:
    menhir-actual "git://github.com/npm-opam/menhir.git#20160825.0.0"

"@opam-alpha/merlin-extend@>= 0.3.0", "@opam-alpha/merlin-extend@^ 0.3.0":
  version "0.3.0"
  resolved "https://registry.npmjs.org/@opam-alpha/merlin-extend/-/merlin-extend-0.3.0.tgz#aceb5adda46a6190a6388bc95744947956524aed"
  dependencies:
    merlin-extend-actual "git://github.com/npm-opam/merlin-extend.git#0.3.0"

"@opam-alpha/ocaml-migrate-parsetree@*", "@opam-alpha/ocaml-migrate-parsetree@>= 0.5.0":
  version "0.5.0"
  resolved "https://registry.npmjs.org/@opam-alpha/ocaml-migrate-parsetree/-/ocaml-migrate-parsetree-0.5.0.tgz#5c5497304e646e851df839b3fee2f3048cb4945e"
  dependencies:
    ocaml-migrate-parsetree-actual "git://github.com/npm-opam/ocaml-migrate-parsetree.git#0.5.0"

"@opam-alpha/ocaml@4.2.3":
  version "4.2.3"
  resolved "https://registry.npmjs.org/@opam-alpha/ocaml/-/ocaml-4.2.3.tgz#44c6e23fbb716196d4a6121f7751e09c0ad34018"
  dependencies:
    ocaml "git+https://github.com/npm-opam/ocaml.git#npm-4.02.3"

"@opam-alpha/ocamlbuild@*":
  version "0.9.2"
  resolved "https://registry.npmjs.org/@opam-alpha/ocamlbuild/-/ocamlbuild-0.9.2.tgz#b5d67c1e7bd3be9091333694f045d7725b77851f"

"@opam-alpha/ocamlfind@*", "@opam-alpha/ocamlfind@>= 1.5.0", "@opam-alpha/ocamlfind@>= 1.6.1":
  version "1.6.2"
  resolved "https://registry.npmjs.org/@opam-alpha/ocamlfind/-/ocamlfind-1.6.2.tgz#4fb4c7f3b0b039b786aeaf7efc460c420e90055d"
  dependencies:
    ocamlfind-actual "git+https://github.com/npm-opam/ocamlfind.git#1.6.2"

"@opam-alpha/ppx_tools_versioned@= 5.0.0":
  version "5.0.0"
  resolved "https://registry.npmjs.org/@opam-alpha/ppx_tools_versioned/-/ppx_tools_versioned-5.0.0.tgz#b3d045504293d0a3e5d407e80d47157dc2a1fa47"
  dependencies:
    ppx_tools_versioned-actual "git://github.com/npm-opam/ppx_tools_versioned.git#5.0.0"

"@opam-alpha/re@*":
  version "1.7.1"
  resolved "https://registry.npmjs.org/@opam-alpha/re/-/re-1.7.1.tgz#6d4542ca6cc3177d57176475f527060153dd690c"
  dependencies:
    re-actual "git://github.com/npm-opam/re.git#1.7.1"

"@opam-alpha/reason-parser@1.13.0":
  version "1.13.0"
  resolved "https://registry.npmjs.org/@opam-alpha/reason-parser/-/reason-parser-1.13.0.tgz#f6c1b9334ae04740864d100f91b07e97dae076e8"
  dependencies:
    reason-parser-actual "git://github.com/npm-opam/reason-parser.git#1.13.0"

"@opam-alpha/result@*", "@opam-alpha/result@= 1.2.0":
  version "1.2.0"
  resolved "https://registry.npmjs.org/@opam-alpha/result/-/result-1.2.0.tgz#cdb0a208f6c6c0be98748eeedb63a3982ace6f71"
  dependencies:
    result-actual "git://github.com/npm-opam/result.git#1.2.0"

"@opam-alpha/topkg@0.8.1", "@opam-alpha/topkg@= 0.8.1":
  version "0.8.1"
  resolved "https://registry.npmjs.org/@opam-alpha/topkg/-/topkg-0.8.1.tgz#d0097ba23c791f4169a77fee7895a4ea217fa83b"
  dependencies:
    topkg-actual "git://github.com/npm-opam/topkg.git#0.8.1"

asap@~2.0.3:
  version "2.0.5"
  resolved "https://registry.npmjs.org/asap/-/asap-2.0.5.tgz#522765b50c3510490e52d7dcfe085ef9ba96958f"

bs-fetch@BuckleTypes/bs-fetch:
  version "0.1.1"
  resolved "https://codeload.github.com/BuckleTypes/bs-fetch/tar.gz/93936a58ec865ed1f695d6931a57c67c14fce020"

bs-platform@^1.7.1:
  version "1.7.1"
  resolved "https://registry.npmjs.org/bs-platform/-/bs-platform-1.7.1.tgz#e05b0ca466115a0374d89141ba749b66a8e4ac07"

"camomile-bin@https://github.com/reasonml/camomile-bin":
  version "0.8.5"
  resolved "https://github.com/reasonml/camomile-bin#08f5d6115b76d46897af47b9ee8e70a55973b40f"
  dependencies:
    "@opam-alpha/ocamlfind" "*"
    dependency-env "*"
    nopam "*"

"conf-m4-actual@git://github.com/npm-opam/conf-m4.git#4.1.0":
  version "4.1.0"
  resolved "git://github.com/npm-opam/conf-m4.git#75e353ae7ae97a988319ddb0e97ecfa25bce4739"
  dependencies:
    dependency-env "*"
    nopam "*"
    opam-installer-bin "https://github.com/yunxing/opam-installer-bin.git"
    substs "https://github.com/yunxing/substs.git"

core-js@^1.0.0:
  version "1.2.7"
  resolved "https://registry.npmjs.org/core-js/-/core-js-1.2.7.tgz#652294c14651db28fa93bd2d5ff2983a4f08c636"

"cppo-actual@git://github.com/npm-opam/cppo.git#1.4.1":
  version "1.4.1"
  resolved "git://github.com/npm-opam/cppo.git#f93baf17d8099c5866df939264ddddb6457aa7d2"
  dependencies:
    "@opam-alpha/ocamlbuild" "*"
    "@opam-alpha/ocamlfind" "*"
    dependency-env "*"
    nopam "*"
    opam-installer-bin "https://github.com/yunxing/opam-installer-bin.git"
    substs "https://github.com/yunxing/substs.git"

dependency-env@*, dependency-env@^0.1.1:
  version "0.1.1"
  resolved "https://registry.npmjs.org/dependency-env/-/dependency-env-0.1.1.tgz#ee95e51dba64f82a4f8d368c6591524f054b91b5"
  dependencies:
    resolve "^1.1.7"

"dependency-env@https://github.com/npm-ml/dependency-env.git":
  version "0.1.1"
  resolved "https://github.com/npm-ml/dependency-env.git#94c75aff3a71587afb570d89bcf2eef7996bb67f"
  dependencies:
    resolve "^1.1.7"

encoding@^0.1.11:
  version "0.1.12"
  resolved "https://registry.npmjs.org/encoding/-/encoding-0.1.12.tgz#538b66f3ee62cd1ab51ec323829d1f9480c74beb"
  dependencies:
    iconv-lite "~0.4.13"

fbjs@^0.8.9:
  version "0.8.12"
  resolved "https://registry.npmjs.org/fbjs/-/fbjs-0.8.12.tgz#10b5d92f76d45575fd63a217d4ea02bea2f8ed04"
  dependencies:
    core-js "^1.0.0"
    isomorphic-fetch "^2.1.1"
    loose-envify "^1.0.0"
    object-assign "^4.1.0"
    promise "^7.1.1"
    setimmediate "^1.0.5"
    ua-parser-js "^0.7.9"

iconv-lite@~0.4.13:
  version "0.4.17"
  resolved "https://registry.npmjs.org/iconv-lite/-/iconv-lite-0.4.17.tgz#4fdaa3b38acbc2c031b045d0edcdfe1ecab18c8d"

is-stream@^1.0.1:
  version "1.1.0"
  resolved "https://registry.npmjs.org/is-stream/-/is-stream-1.1.0.tgz#12d4a3dd4e68e0b79ceb8dbc84173ae80d91ca44"

isomorphic-fetch@^2.1.1:
  version "2.2.1"
  resolved "https://registry.npmjs.org/isomorphic-fetch/-/isomorphic-fetch-2.2.1.tgz#611ae1acf14f5e81f729507472819fe9733558a9"
  dependencies:
    node-fetch "^1.0.1"
    whatwg-fetch ">=0.10.0"

"jbuilder-actual@git://github.com/npm-opam/jbuilder.git#1.0.02":
  version "1.0.2"
  resolved "git://github.com/npm-opam/jbuilder.git#1ba5e02d493fc3acd34eeb5c7497773a7d772a1a"
  dependencies:
    dependency-env "*"
    nopam "*"
    opam-installer-bin "https://github.com/yunxing/opam-installer-bin.git"
    substs "https://github.com/yunxing/substs.git"

js-tokens@^3.0.0:
  version "3.0.1"
  resolved "https://registry.npmjs.org/js-tokens/-/js-tokens-3.0.1.tgz#08e9f132484a2c45a30907e9dc4d5567b7f114d7"

"lambda-term-bin@https://github.com/reasonml/lambda-term-bin":
  version "1.10.0"
  resolved "https://github.com/reasonml/lambda-term-bin#72137b68f22af1fd2d1e52afbb02ff45b494908a"
  dependencies:
    "@opam-alpha/ocamlfind" "*"
    dependency-env "*"
    lwt-bin "https://github.com/reasonml/lwt-bin"
    nopam "*"
    react-bin "https://github.com/reasonml/react-bin"
    zed-bin "https://github.com/reasonml/zed-bin"

loose-envify@^1.0.0, loose-envify@^1.1.0:
  version "1.3.1"
  resolved "https://registry.npmjs.org/loose-envify/-/loose-envify-1.3.1.tgz#d1a8ad33fa9ce0e713d65fdd0ac8b748d478c848"
  dependencies:
    js-tokens "^3.0.0"

"lwt-bin@https://github.com/reasonml/lwt-bin":
  version "2.5.2"
  resolved "https://github.com/reasonml/lwt-bin#96859b56091d3b46d3c36e80522a137bb768fee5"
  dependencies:
    "@opam-alpha/ocamlfind" "*"
    dependency-env "*"
    nopam "*"
    react-bin "https://github.com/reasonml/react-bin"

"menhir-actual@git://github.com/npm-opam/menhir.git#20160825.0.0":
  version "20160825.0.0"
  resolved "git://github.com/npm-opam/menhir.git#8d6905e8eeb4bedcec501a14fdc7a7d950f85874"
  dependencies:
    "@opam-alpha/ocamlbuild" "*"
    "@opam-alpha/ocamlfind" "*"
    dependency-env "*"
    nopam "*"
    opam-installer-bin "https://github.com/yunxing/opam-installer-bin.git"
    substs "https://github.com/yunxing/substs.git"

"merlin-extend-actual@git://github.com/npm-opam/merlin-extend.git#0.3.0":
  version "0.3.0"
  resolved "git://github.com/npm-opam/merlin-extend.git#8d01d124db27f46a27e04f25d0e1c54bab0d0f48"
  dependencies:
    "@opam-alpha/cppo" "*"
    "@opam-alpha/ocamlfind" "*"
    dependency-env "*"
    nopam "*"
    opam-installer-bin "https://github.com/yunxing/opam-installer-bin.git"
    substs "https://github.com/yunxing/substs.git"

node-fetch@^1.0.1:
  version "1.6.3"
  resolved "https://registry.npmjs.org/node-fetch/-/node-fetch-1.6.3.tgz#dc234edd6489982d58e8f0db4f695029abcd8c04"
  dependencies:
    encoding "^0.1.11"
    is-stream "^1.0.1"

nopam@*, nopam@^0.1.0:
  version "0.1.0"
  resolved "https://registry.npmjs.org/nopam/-/nopam-0.1.0.tgz#a727efd0a80ec3ec93acb7aa3a7ac8990ec8759e"

"nopam@https://github.com/yunxing/nopam.git":
  version "0.1.0"
  resolved "https://github.com/yunxing/nopam.git#7cd19f068ac9aaf75010cd6961f7c65c779a1d4a"

object-assign@^4.1.0:
  version "4.1.1"
  resolved "https://registry.npmjs.org/object-assign/-/object-assign-4.1.1.tgz#2109adc7965887cfc05cbbd442cac8bfbb360863"

"ocaml-migrate-parsetree-actual@git://github.com/npm-opam/ocaml-migrate-parsetree.git#0.5.0":
  version "0.5.0"
  resolved "git://github.com/npm-opam/ocaml-migrate-parsetree.git#4bd4c57673a7a0df5c79089507adf61c943c3a28"
  dependencies:
    "@opam-alpha/jbuilder" ">= 1.0.0"
    "@opam-alpha/ocamlfind" "*"
    "@opam-alpha/result" "*"
    dependency-env "*"
    nopam "*"
    opam-installer-bin "https://github.com/yunxing/opam-installer-bin.git"
    substs "https://github.com/yunxing/substs.git"

"ocaml@git+https://github.com/npm-opam/ocaml.git#npm-4.02.3":
  version "4.2.3"
  resolved "git+https://github.com/npm-opam/ocaml.git#0bb98be8e5233a02282ed8de0c8965677ddbde33"

ocamlBetterErrors@^0.1.1:
  version "0.1.1"
  resolved "https://registry.npmjs.org/ocamlBetterErrors/-/ocamlBetterErrors-0.1.1.tgz#1998ffff171927a36d692b94daf496a0ad126796"
  dependencies:
    "@opam-alpha/re" "*"
    dependency-env "*"
    nopam "*"
    reason "^1.9.0"

"ocamlfind-actual@git+https://github.com/npm-opam/ocamlfind.git#1.6.2":
  version "1.6.2"
  resolved "git+https://github.com/npm-opam/ocamlfind.git#f6ea48c7628210d477ead863d32feba2357b9afe"
  dependencies:
    "@opam-alpha/conf-m4" "*"
    "@opam-alpha/ocaml" "4.2.3"
    dependency-env "*"
    nopam "*"

"opam-installer-bin@git+https://github.com/yunxing/opam-installer-bin.git", "opam-installer-bin@https://github.com/yunxing/opam-installer-bin.git":
  version "0.0.0"
  resolved "https://github.com/yunxing/opam-installer-bin.git#689ede681217f76fb2f82a9f4528e192a5b543ba"
  dependencies:
    dependency-env "https://github.com/npm-ml/dependency-env.git"
    nopam "https://github.com/yunxing/nopam.git"

path-parse@^1.0.5:
  version "1.0.5"
  resolved "https://registry.npmjs.org/path-parse/-/path-parse-1.0.5.tgz#3c1adf871ea9cd6c9431b6ea2bd74a0ff055c4c1"

"ppx_tools_versioned-actual@git://github.com/npm-opam/ppx_tools_versioned.git#5.0.0":
  version "5.0.0"
  resolved "git://github.com/npm-opam/ppx_tools_versioned.git#26459b24f731053e34eab96535bfd265b67406af"
  dependencies:
    "@opam-alpha/ocaml-migrate-parsetree" ">= 0.5.0"
    "@opam-alpha/ocamlfind" ">= 1.5.0"
    dependency-env "*"
    nopam "*"
    opam-installer-bin "https://github.com/yunxing/opam-installer-bin.git"
    substs "https://github.com/yunxing/substs.git"

promise@^7.1.1:
  version "7.1.1"
  resolved "https://registry.npmjs.org/promise/-/promise-7.1.1.tgz#489654c692616b8aa55b0724fa809bb7db49c5bf"
  dependencies:
    asap "~2.0.3"

prop-types@^15.5.7, prop-types@~15.5.7:
  version "15.5.8"
  resolved "https://registry.npmjs.org/prop-types/-/prop-types-15.5.8.tgz#6b7b2e141083be38c8595aa51fc55775c7199394"
  dependencies:
    fbjs "^0.8.9"

"re-actual@git://github.com/npm-opam/re.git#1.7.1":
  version "1.7.1"
  resolved "git://github.com/npm-opam/re.git#42b8753253512c7c3d00af042fd73f6c3b757ef8"
  dependencies:
    "@opam-alpha/ocamlbuild" "*"
    "@opam-alpha/ocamlfind" "*"
    dependency-env "*"
    nopam "*"
    opam-installer-bin "https://github.com/yunxing/opam-installer-bin.git"
    substs "https://github.com/yunxing/substs.git"

"react-bin@https://github.com/reasonml/react-bin":
  version "1.2.2"
  resolved "https://github.com/reasonml/react-bin#b9868712a9e76af9de52e726912bdd99f9a66e87"
  dependencies:
    "@opam-alpha/ocamlfind" "*"
    dependency-env "*"
    nopam "*"

react-dom@^15.5.4:
  version "15.5.4"
  resolved "https://registry.npmjs.org/react-dom/-/react-dom-15.5.4.tgz#ba0c28786fd52ed7e4f2135fe0288d462aef93da"
  dependencies:
    fbjs "^0.8.9"
    loose-envify "^1.1.0"
    object-assign "^4.1.0"
    prop-types "~15.5.7"

react@^15.5.4:
  version "15.5.4"
  resolved "https://registry.npmjs.org/react/-/react-15.5.4.tgz#fa83eb01506ab237cdc1c8c3b1cea8de012bf047"
  dependencies:
    fbjs "^0.8.9"
    loose-envify "^1.1.0"
    object-assign "^4.1.0"
    prop-types "^15.5.7"

reason-js@^0.3.0:
  version "0.3.0"
  resolved "https://registry.npmjs.org/reason-js/-/reason-js-0.3.0.tgz#87ef218bf10e4e9be93bc44b459bec2c60cfdd02"
  dependencies:
    bs-fetch BuckleTypes/bs-fetch

"reason-parser-actual@git://github.com/npm-opam/reason-parser.git#1.13.0":
  version "1.13.0"
  resolved "git://github.com/npm-opam/reason-parser.git#870e5edc6b692da7a41861b33f5923a6c7dd4d2a"
  dependencies:
    "@opam-alpha/menhir" ">= 20160303.0.0"
    "@opam-alpha/merlin-extend" ">= 0.3.0"
    "@opam-alpha/ocaml-migrate-parsetree" "*"
    "@opam-alpha/ocamlfind" "*"
    "@opam-alpha/ppx_tools_versioned" "= 5.0.0"
    "@opam-alpha/result" "= 1.2.0"
    "@opam-alpha/topkg" "= 0.8.1"
    dependency-env "*"
    nopam "*"
    opam-installer-bin "https://github.com/yunxing/opam-installer-bin.git"
    substs "https://github.com/yunxing/substs.git"

reason-react@^0.1.3:
  version "0.1.3"
  resolved "https://registry.npmjs.org/reason-react/-/reason-react-0.1.3.tgz#680edae818ab01437de057c01fbcce6118f2fa93"

reason@^1.9.0:
  version "1.13.0"
  resolved "https://registry.npmjs.org/reason/-/reason-1.13.0.tgz#42b0631a590a67c7ffebd67741d2d0f5c0c65cc2"
  dependencies:
    "@opam-alpha/menhir" ">= 20160303.0.0"
    "@opam-alpha/merlin-extend" "^ 0.3.0"
    "@opam-alpha/ocaml" "4.2.3"
    "@opam-alpha/ocaml-migrate-parsetree" "*"
    "@opam-alpha/ocamlfind" "*"
    "@opam-alpha/reason-parser" "1.13.0"
    "@opam-alpha/result" "*"
    "@opam-alpha/topkg" "0.8.1"
    dependency-env "*"
    nopam "*"
    opam-installer-bin "https://github.com/yunxing/opam-installer-bin.git"
    utop-bin "https://github.com/reasonml/utop-bin"

resolve@^1.1.7:
  version "1.3.3"
  resolved "https://registry.npmjs.org/resolve/-/resolve-1.3.3.tgz#655907c3469a8680dc2de3a275a8fdd69691f0e5"
  dependencies:
    path-parse "^1.0.5"

"result-actual@git://github.com/npm-opam/result.git#1.2.0":
  version "1.2.0"
  resolved "git://github.com/npm-opam/result.git#4d1f6b57414dd336a37b8fad935bf7a9a78c884b"
  dependencies:
    dependency-env "https://github.com/npm-ml/dependency-env.git"
    nopam "https://github.com/yunxing/nopam.git"
    opam-installer-bin "https://github.com/yunxing/opam-installer-bin.git"
    substs "https://github.com/yunxing/substs.git"

setimmediate@^1.0.5:
  version "1.0.5"
  resolved "https://registry.npmjs.org/setimmediate/-/setimmediate-1.0.5.tgz#290cbb232e306942d7d7ea9b83732ab7856f8285"

"substs@https://github.com/yunxing/substs.git":
  version "0.0.1"
  resolved "https://github.com/yunxing/substs.git#d173c906e696d96a59fbbedce6a62de581763e96"

"topkg-actual@git://github.com/npm-opam/topkg.git#0.8.1":
  version "0.8.1"
  resolved "git://github.com/npm-opam/topkg.git#cc72e5dd23a9e0985074fbd954fa1c63eeb31c1a"
  dependencies:
    "@opam-alpha/ocamlbuild" "*"
    "@opam-alpha/ocamlfind" ">= 1.6.1"
    "@opam-alpha/result" "*"
    dependency-env "*"
    nopam "*"
    opam-installer-bin "https://github.com/yunxing/opam-installer-bin.git"
    substs "https://github.com/yunxing/substs.git"

ua-parser-js@^0.7.9:
  version "0.7.12"
  resolved "https://registry.npmjs.org/ua-parser-js/-/ua-parser-js-0.7.12.tgz#04c81a99bdd5dc52263ea29d24c6bf8d4818a4bb"

"utop-bin@git+https://github.com/reasonml/utop-bin.git":
  version "1.19.2"
  resolved "git+https://github.com/reasonml/utop-bin.git#5e9e322c1f264c0d9e8abb9f85e5472de1c8147d"
  dependencies:
    "@opam-alpha/ocamlfind" "*"
    camomile-bin "https://github.com/reasonml/camomile-bin"
    dependency-env "*"
    lambda-term-bin "https://github.com/reasonml/lambda-term-bin"
    lwt-bin "https://github.com/reasonml/lwt-bin"
    nopam "*"
    react-bin "https://github.com/reasonml/react-bin"

whatwg-fetch@>=0.10.0:
  version "2.0.3"
  resolved "https://registry.npmjs.org/whatwg-fetch/-/whatwg-fetch-2.0.3.tgz#9c84ec2dcf68187ff00bc64e1274b442176e1c84"

"zed-bin@https://github.com/reasonml/zed-bin":
  version "1.4.0"
  resolved "https://github.com/reasonml/zed-bin#7d2f0677a4a73c1b51ecbf05589e1f7b5bd76705"
  dependencies:
    "@opam-alpha/ocamlfind" "*"
    camomile-bin "https://github.com/reasonml/camomile-bin"
    dependency-env "*"
    nopam "*"
    react-bin "https://github.com/reasonml/react-bin"
